// !$*UTF8*$!
{
	archiveVersion = 1;
	classes = {
	};
	objectVersion = 56;
	objects = {

/* Begin PBXBuildFile section */
		DD2026F42A10E00600DFEB1E /* GreetingPresenter.swift in Sources */ = {isa = PBXBuildFile; fileRef = DD2026EE2A10E00600DFEB1E /* GreetingPresenter.swift */; };
		DD2026F52A10E00600DFEB1E /* GreetingWorker.swift in Sources */ = {isa = PBXBuildFile; fileRef = DD2026EF2A10E00600DFEB1E /* GreetingWorker.swift */; };
		DD2026F62A10E00700DFEB1E /* GreetingRouter.swift in Sources */ = {isa = PBXBuildFile; fileRef = DD2026F02A10E00600DFEB1E /* GreetingRouter.swift */; };
		DD2026F72A10E00700DFEB1E /* GreetingModels.swift in Sources */ = {isa = PBXBuildFile; fileRef = DD2026F12A10E00600DFEB1E /* GreetingModels.swift */; };
		DD2026F82A10E00700DFEB1E /* GreetingViewController.swift in Sources */ = {isa = PBXBuildFile; fileRef = DD2026F22A10E00600DFEB1E /* GreetingViewController.swift */; };
		DD2026F92A10E00700DFEB1E /* GreetingInteractor.swift in Sources */ = {isa = PBXBuildFile; fileRef = DD2026F32A10E00600DFEB1E /* GreetingInteractor.swift */; };
		DD8ACA1C2A101A1F00100F78 /* AppDelegate.swift in Sources */ = {isa = PBXBuildFile; fileRef = DD8ACA1B2A101A1F00100F78 /* AppDelegate.swift */; };
		DD8ACA1E2A101A1F00100F78 /* SceneDelegate.swift in Sources */ = {isa = PBXBuildFile; fileRef = DD8ACA1D2A101A1F00100F78 /* SceneDelegate.swift */; };
		DD8ACA232A101A1F00100F78 /* Main.storyboard in Resources */ = {isa = PBXBuildFile; fileRef = DD8ACA212A101A1F00100F78 /* Main.storyboard */; };
		DD8ACA252A101A2400100F78 /* Assets.xcassets in Resources */ = {isa = PBXBuildFile; fileRef = DD8ACA242A101A2400100F78 /* Assets.xcassets */; };
		DD8ACA282A101A2400100F78 /* LaunchScreen.storyboard in Resources */ = {isa = PBXBuildFile; fileRef = DD8ACA262A101A2400100F78 /* LaunchScreen.storyboard */; };
/* End PBXBuildFile section */

/* Begin PBXFileReference section */
		DD2026EE2A10E00600DFEB1E /* GreetingPresenter.swift */ = {isa = PBXFileReference; lastKnownFileType = sourcecode.swift; path = GreetingPresenter.swift; sourceTree = "<group>"; };
		DD2026EF2A10E00600DFEB1E /* GreetingWorker.swift */ = {isa = PBXFileReference; lastKnownFileType = sourcecode.swift; path = GreetingWorker.swift; sourceTree = "<group>"; };
		DD2026F02A10E00600DFEB1E /* GreetingRouter.swift */ = {isa = PBXFileReference; lastKnownFileType = sourcecode.swift; path = GreetingRouter.swift; sourceTree = "<group>"; };
		DD2026F12A10E00600DFEB1E /* GreetingModels.swift */ = {isa = PBXFileReference; lastKnownFileType = sourcecode.swift; path = GreetingModels.swift; sourceTree = "<group>"; };
		DD2026F22A10E00600DFEB1E /* GreetingViewController.swift */ = {isa = PBXFileReference; lastKnownFileType = sourcecode.swift; path = GreetingViewController.swift; sourceTree = "<group>"; };
		DD2026F32A10E00600DFEB1E /* GreetingInteractor.swift */ = {isa = PBXFileReference; lastKnownFileType = sourcecode.swift; path = GreetingInteractor.swift; sourceTree = "<group>"; };
		DD8ACA182A101A1F00100F78 /* CleanSwift Example.app */ = {isa = PBXFileReference; explicitFileType = wrapper.application; includeInIndex = 0; path = "CleanSwift Example.app"; sourceTree = BUILT_PRODUCTS_DIR; };
		DD8ACA1B2A101A1F00100F78 /* AppDelegate.swift */ = {isa = PBXFileReference; lastKnownFileType = sourcecode.swift; path = AppDelegate.swift; sourceTree = "<group>"; };
		DD8ACA1D2A101A1F00100F78 /* SceneDelegate.swift */ = {isa = PBXFileReference; lastKnownFileType = sourcecode.swift; path = SceneDelegate.swift; sourceTree = "<group>"; };
		DD8ACA222A101A1F00100F78 /* Base */ = {isa = PBXFileReference; lastKnownFileType = file.storyboard; name = Base; path = Base.lproj/Main.storyboard; sourceTree = "<group>"; };
		DD8ACA242A101A2400100F78 /* Assets.xcassets */ = {isa = PBXFileReference; lastKnownFileType = folder.assetcatalog; path = Assets.xcassets; sourceTree = "<group>"; };
		DD8ACA272A101A2400100F78 /* Base */ = {isa = PBXFileReference; lastKnownFileType = file.storyboard; name = Base; path = Base.lproj/LaunchScreen.storyboard; sourceTree = "<group>"; };
		DD8ACA292A101A2400100F78 /* Info.plist */ = {isa = PBXFileReference; lastKnownFileType = text.plist.xml; path = Info.plist; sourceTree = "<group>"; };
/* End PBXFileReference section */

/* Begin PBXFrameworksBuildPhase section */
		DD8ACA152A101A1F00100F78 /* Frameworks */ = {
			isa = PBXFrameworksBuildPhase;
			buildActionMask = 2147483647;
			files = (
			);
			runOnlyForDeploymentPostprocessing = 0;
		};
/* End PBXFrameworksBuildPhase section */

/* Begin PBXGroup section */
		DD2026ED2A10DD9100DFEB1E /* Greeting */ = {
			isa = PBXGroup;
			children = (
				DD2026EE2A10E00600DFEB1E /* GreetingPresenter.swift */,
				DD2026EF2A10E00600DFEB1E /* GreetingWorker.swift */,
				DD2026F02A10E00600DFEB1E /* GreetingRouter.swift */,
				DD2026F12A10E00600DFEB1E /* GreetingModels.swift */,
				DD2026F22A10E00600DFEB1E /* GreetingViewController.swift */,
				DD2026F32A10E00600DFEB1E /* GreetingInteractor.swift */,
			);
			path = Greeting;
			sourceTree = "<group>";
		};
		DD8ACA0F2A101A1F00100F78 = {
			isa = PBXGroup;
			children = (
				DD8ACA1A2A101A1F00100F78 /* CleanSwift Example */,
				DD8ACA192A101A1F00100F78 /* Products */,
			);
			sourceTree = "<group>";
		};
		DD8ACA192A101A1F00100F78 /* Products */ = {
			isa = PBXGroup;
			children = (
				DD8ACA182A101A1F00100F78 /* CleanSwift Example.app */,
			);
			name = Products;
			sourceTree = "<group>";
		};
		DD8ACA1A2A101A1F00100F78 /* CleanSwift Example */ = {
			isa = PBXGroup;
			children = (
				DD8ACA1B2A101A1F00100F78 /* AppDelegate.swift */,
				DD8ACA1D2A101A1F00100F78 /* SceneDelegate.swift */,
				DD2026ED2A10DD9100DFEB1E /* Greeting */,
				DD8ACA212A101A1F00100F78 /* Main.storyboard */,
				DD8ACA242A101A2400100F78 /* Assets.xcassets */,
				DD8ACA262A101A2400100F78 /* LaunchScreen.storyboard */,
				DD8ACA292A101A2400100F78 /* Info.plist */,
			);
			path = "CleanSwift Example";
			sourceTree = "<group>";
		};
/* End PBXGroup section */

/* Begin PBXNativeTarget section */
		DD8ACA172A101A1F00100F78 /* CleanSwift Example */ = {
			isa = PBXNativeTarget;
			buildConfigurationList = DD8ACA2C2A101A2400100F78 /* Build configuration list for PBXNativeTarget "CleanSwift Example" */;
			buildPhases = (
				DD8ACA142A101A1F00100F78 /* Sources */,
				DD8ACA152A101A1F00100F78 /* Frameworks */,
				DD8ACA162A101A1F00100F78 /* Resources */,
			);
			buildRules = (
			);
			dependencies = (
			);
			name = "CleanSwift Example";
			productName = "CleanSwift Example";
			productReference = DD8ACA182A101A1F00100F78 /* CleanSwift Example.app */;
			productType = "com.apple.product-type.application";
		};
/* End PBXNativeTarget section */

/* Begin PBXProject section */
		DD8ACA102A101A1F00100F78 /* Project object */ = {
			isa = PBXProject;
			attributes = {
				BuildIndependentTargetsInParallel = 1;
				LastSwiftUpdateCheck = 1420;
				LastUpgradeCheck = 1420;
				TargetAttributes = {
					DD8ACA172A101A1F00100F78 = {
						CreatedOnToolsVersion = 14.2;
					};
				};
			};
			buildConfigurationList = DD8ACA132A101A1F00100F78 /* Build configuration list for PBXProject "CleanSwift Example" */;
			compatibilityVersion = "Xcode 14.0";
			developmentRegion = en;
			hasScannedForEncodings = 0;
			knownRegions = (
				en,
				Base,
			);
			mainGroup = DD8ACA0F2A101A1F00100F78;
			productRefGroup = DD8ACA192A101A1F00100F78 /* Products */;
			projectDirPath = "";
			projectRoot = "";
			targets = (
				DD8ACA172A101A1F00100F78 /* CleanSwift Example */,
			);
		};
/* End PBXProject section */

/* Begin PBXResourcesBuildPhase section */
		DD8ACA162A101A1F00100F78 /* Resources */ = {
			isa = PBXResourcesBuildPhase;
			buildActionMask = 2147483647;
			files = (
				DD8ACA282A101A2400100F78 /* LaunchScreen.storyboard in Resources */,
				DD8ACA252A101A2400100F78 /* Assets.xcassets in Resources */,
				DD8ACA232A101A1F00100F78 /* Main.storyboard in Resources */,
			);
			runOnlyForDeploymentPostprocessing = 0;
		};
/* End PBXResourcesBuildPhase section */

/* Begin PBXSourcesBuildPhase section */
		DD8ACA142A101A1F00100F78 /* Sources */ = {
			isa = PBXSourcesBuildPhase;
			buildActionMask = 2147483647;
			files = (
				DD2026F62A10E00700DFEB1E /* GreetingRouter.swift in Sources */,
				DD8ACA1C2A101A1F00100F78 /* AppDelegate.swift in Sources */,
				DD2026F82A10E00700DFEB1E /* GreetingViewController.swift in Sources */,
				DD2026F92A10E00700DFEB1E /* GreetingInteractor.swift in Sources */,
				DD2026F72A10E00700DFEB1E /* GreetingModels.swift in Sources */,
				DD8ACA1E2A101A1F00100F78 /* SceneDelegate.swift in Sources */,
				DD2026F42A10E00600DFEB1E /* GreetingPresenter.swift in Sources */,
				DD2026F52A10E00600DFEB1E /* GreetingWorker.swift in Sources */,
			);
			runOnlyForDeploymentPostprocessing = 0;
		};
/* End PBXSourcesBuildPhase section */

/* Begin PBXVariantGroup section */
		DD8ACA212A101A1F00100F78 /* Main.storyboard */ = {
			isa = PBXVariantGroup;
			children = (
				DD8ACA222A101A1F00100F78 /* Base */,
			);
			name = Main.storyboard;
			sourceTree = "<group>";
		};
		DD8ACA262A101A2400100F78 /* LaunchScreen.storyboard */ = {
			isa = PBXVariantGroup;
			children = (
				DD8ACA272A101A2400100F78 /* Base */,
			);
			name = LaunchScreen.storyboard;
			sourceTree = "<group>";
		};
/* End PBXVariantGroup section */

/* Begin XCBuildConfiguration section */
		DD8ACA2A2A101A2400100F78 /* Debug */ = {
			isa = XCBuildConfiguration;
			buildSettings = {
				ALWAYS_SEARCH_USER_PATHS = NO;
				CLANG_ANALYZER_NONNULL = YES;
				CLANG_ANALYZER_NUMBER_OBJECT_CONVERSION = YES_AGGRESSIVE;
				CLANG_CXX_LANGUAGE_STANDARD = "gnu++20";
				CLANG_ENABLE_MODULES = YES;
				CLANG_ENABLE_OBJC_ARC = YES;
				CLANG_ENABLE_OBJC_WEAK = YES;
				CLANG_WARN_BLOCK_CAPTURE_AUTORELEASING = YES;
				CLANG_WARN_BOOL_CONVERSION = YES;
				CLANG_WARN_COMMA = YES;
				CLANG_WARN_CONSTANT_CONVERSION = YES;
				CLANG_WARN_DEPRECATED_OBJC_IMPLEMENTATIONS = YES;
				CLANG_WARN_DIRECT_OBJC_ISA_USAGE = YES_ERROR;
				CLANG_WARN_DOCUMENTATION_COMMENTS = YES;
				CLANG_WARN_EMPTY_BODY = YES;
				CLANG_WARN_ENUM_CONVERSION = YES;
				CLANG_WARN_INFINITE_RECURSION = YES;
				CLANG_WARN_INT_CONVERSION = YES;
				CLANG_WARN_NON_LITERAL_NULL_CONVERSION = YES;
				CLANG_WARN_OBJC_IMPLICIT_RETAIN_SELF = YES;
				CLANG_WARN_OBJC_LITERAL_CONVERSION = YES;
				CLANG_WARN_OBJC_ROOT_CLASS = YES_ERROR;
				CLANG_WARN_QUOTED_INCLUDE_IN_FRAMEWORK_HEADER = YES;
				CLANG_WARN_RANGE_LOOP_ANALYSIS = YES;
				CLANG_WARN_STRICT_PROTOTYPES = YES;
				CLANG_WARN_SUSPICIOUS_MOVE = YES;
				CLANG_WARN_UNGUARDED_AVAILABILITY = YES_AGGRESSIVE;
				CLANG_WARN_UNREACHABLE_CODE = YES;
				CLANG_WARN__DUPLICATE_METHOD_MATCH = YES;
				COPY_PHASE_STRIP = NO;
				DEBUG_INFORMATION_FORMAT = dwarf;
				ENABLE_STRICT_OBJC_MSGSEND = YES;
				ENABLE_TESTABILITY = YES;
				GCC_C_LANGUAGE_STANDARD = gnu11;
				GCC_DYNAMIC_NO_PIC = NO;
				GCC_NO_COMMON_BLOCKS = YES;
				GCC_OPTIMIZATION_LEVEL = 0;
				GCC_PREPROCESSOR_DEFINITIONS = (
					"DEBUG=1",
					"$(inherited)",
				);
				GCC_WARN_64_TO_32_BIT_CONVERSION = YES;
				GCC_WARN_ABOUT_RETURN_TYPE = YES_ERROR;
				GCC_WARN_UNDECLARED_SELECTOR = YES;
				GCC_WARN_UNINITIALIZED_AUTOS = YES_AGGRESSIVE;
				GCC_WARN_UNUSED_FUNCTION = YES;
				GCC_WARN_UNUSED_VARIABLE = YES;
				IPHONEOS_DEPLOYMENT_TARGET = 13.0;
				MTL_ENABLE_DEBUG_INFO = INCLUDE_SOURCE;
				MTL_FAST_MATH = YES;
				ONLY_ACTIVE_ARCH = YES;
				SDKROOT = iphoneos;
				SWIFT_ACTIVE_COMPILATION_CONDITIONS = DEBUG;
				SWIFT_OPTIMIZATION_LEVEL = "-Onone";
			};
			name = Debug;
		};
		DD8ACA2B2A101A2400100F78 /* Release */ = {
			isa = XCBuildConfiguration;
			buildSettings = {
				ALWAYS_SEARCH_USER_PATHS = NO;
				CLANG_ANALYZER_NONNULL = YES;
				CLANG_ANALYZER_NUMBER_OBJECT_CONVERSION = YES_AGGRESSIVE;
				CLANG_CXX_LANGUAGE_STANDARD = "gnu++20";
				CLANG_ENABLE_MODULES = YES;
				CLANG_ENABLE_OBJC_ARC = YES;
				CLANG_ENABLE_OBJC_WEAK = YES;
				CLANG_WARN_BLOCK_CAPTURE_AUTORELEASING = YES;
				CLANG_WARN_BOOL_CONVERSION = YES;
				CLANG_WARN_COMMA = YES;
				CLANG_WARN_CONSTANT_CONVERSION = YES;
				CLANG_WARN_DEPRECATED_OBJC_IMPLEMENTATIONS = YES;
				CLANG_WARN_DIRECT_OBJC_ISA_USAGE = YES_ERROR;
				CLANG_WARN_DOCUMENTATION_COMMENTS = YES;
				CLANG_WARN_EMPTY_BODY = YES;
				CLANG_WARN_ENUM_CONVERSION = YES;
				CLANG_WARN_INFINITE_RECURSION = YES;
				CLANG_WARN_INT_CONVERSION = YES;
				CLANG_WARN_NON_LITERAL_NULL_CONVERSION = YES;
				CLANG_WARN_OBJC_IMPLICIT_RETAIN_SELF = YES;
				CLANG_WARN_OBJC_LITERAL_CONVERSION = YES;
				CLANG_WARN_OBJC_ROOT_CLASS = YES_ERROR;
				CLANG_WARN_QUOTED_INCLUDE_IN_FRAMEWORK_HEADER = YES;
				CLANG_WARN_RANGE_LOOP_ANALYSIS = YES;
				CLANG_WARN_STRICT_PROTOTYPES = YES;
				CLANG_WARN_SUSPICIOUS_MOVE = YES;
				CLANG_WARN_UNGUARDED_AVAILABILITY = YES_AGGRESSIVE;
				CLANG_WARN_UNREACHABLE_CODE = YES;
				CLANG_WARN__DUPLICATE_METHOD_MATCH = YES;
				COPY_PHASE_STRIP = NO;
				DEBUG_INFORMATION_FORMAT = "dwarf-with-dsym";
				ENABLE_NS_ASSERTIONS = NO;
				ENABLE_STRICT_OBJC_MSGSEND = YES;
				GCC_C_LANGUAGE_STANDARD = gnu11;
				GCC_NO_COMMON_BLOCKS = YES;
				GCC_WARN_64_TO_32_BIT_CONVERSION = YES;
				GCC_WARN_ABOUT_RETURN_TYPE = YES_ERROR;
				GCC_WARN_UNDECLARED_SELECTOR = YES;
				GCC_WARN_UNINITIALIZED_AUTOS = YES_AGGRESSIVE;
				GCC_WARN_UNUSED_FUNCTION = YES;
				GCC_WARN_UNUSED_VARIABLE = YES;
				IPHONEOS_DEPLOYMENT_TARGET = 13.0;
				MTL_ENABLE_DEBUG_INFO = NO;
				MTL_FAST_MATH = YES;
				SDKROOT = iphoneos;
				SWIFT_COMPILATION_MODE = wholemodule;
				SWIFT_OPTIMIZATION_LEVEL = "-O";
				VALIDATE_PRODUCT = YES;
			};
			name = Release;
		};
		DD8ACA2D2A101A2400100F78 /* Debug */ = {
			isa = XCBuildConfiguration;
			buildSettings = {
				ASSETCATALOG_COMPILER_APPICON_NAME = AppIcon;
				ASSETCATALOG_COMPILER_GLOBAL_ACCENT_COLOR_NAME = AccentColor;
				CODE_SIGN_STYLE = Automatic;
				CURRENT_PROJECT_VERSION = 1;
				DEVELOPMENT_TEAM = 7YW3V66545;
				GENERATE_INFOPLIST_FILE = YES;
				INFOPLIST_FILE = "CleanSwift Example/Info.plist";
				INFOPLIST_KEY_UIApplicationSupportsIndirectInputEvents = YES;
				INFOPLIST_KEY_UILaunchStoryboardName = LaunchScreen;
				INFOPLIST_KEY_UIMainStoryboardFile = Main;
				INFOPLIST_KEY_UISupportedInterfaceOrientations = UIInterfaceOrientationPortrait;
				INFOPLIST_KEY_UISupportedInterfaceOrientations_iPad = "UIInterfaceOrientationLandscapeLeft UIInterfaceOrientationLandscapeRight UIInterfaceOrientationPortrait UIInterfaceOrientationPortraitUpsideDown";
				IPHONEOS_DEPLOYMENT_TARGET = 13.0;
				LD_RUNPATH_SEARCH_PATHS = (
					"$(inherited)",
					"@executable_path/Frameworks",
				);
				MARKETING_VERSION = 1.0;
				PRODUCT_BUNDLE_IDENTIFIER = "Hieronius.CleanSwift-Example";
				PRODUCT_NAME = "$(TARGET_NAME)";
				SUPPORTED_PLATFORMS = "iphoneos iphonesimulator";
				SUPPORTS_MACCATALYST = NO;
				SUPPORTS_MAC_DESIGNED_FOR_IPHONE_IPAD = NO;
				SWIFT_EMIT_LOC_STRINGS = YES;
				SWIFT_VERSION = 5.0;
				TARGETED_DEVICE_FAMILY = 1;
			};
			name = Debug;
		};
		DD8ACA2E2A101A2400100F78 /* Release */ = {
			isa = XCBuildConfiguration;
			buildSettings = {
				ASSETCATALOG_COMPILER_APPICON_NAME = AppIcon;
				ASSETCATALOG_COMPILER_GLOBAL_ACCENT_COLOR_NAME = AccentColor;
				CODE_SIGN_STYLE = Automatic;
				CURRENT_PROJECT_VERSION = 1;
				DEVELOPMENT_TEAM = 7YW3V66545;
				GENERATE_INFOPLIST_FILE = YES;
				INFOPLIST_FILE = "CleanSwift Example/Info.plist";
				INFOPLIST_KEY_UIApplicationSupportsIndirectInputEvents = YES;
				INFOPLIST_KEY_UILaunchStoryboardName = LaunchScreen;
				INFOPLIST_KEY_UIMainStoryboardFile = Main;
				INFOPLIST_KEY_UISupportedInterfaceOrientations = UIInterfaceOrientationPortrait;
				INFOPLIST_KEY_UISupportedInterfaceOrientations_iPad = "UIInterfaceOrientationLandscapeLeft UIInterfaceOrientationLandscapeRight UIInterfaceOrientationPortrait UIInterfaceOrientationPortraitUpsideDown";
				IPHONEOS_DEPLOYMENT_TARGET = 13.0;
				LD_RUNPATH_SEARCH_PATHS = (
					"$(inherited)",
					"@executable_path/Frameworks",
				);
				MARKETING_VERSION = 1.0;
				PRODUCT_BUNDLE_IDENTIFIER = "Hieronius.CleanSwift-Example";
				PRODUCT_NAME = "$(TARGET_NAME)";
				SUPPORTED_PLATFORMS = "iphoneos iphonesimulator";
				SUPPORTS_MACCATALYST = NO;
				SUPPORTS_MAC_DESIGNED_FOR_IPHONE_IPAD = NO;
				SWIFT_EMIT_LOC_STRINGS = YES;
				SWIFT_VERSION = 5.0;
				TARGETED_DEVICE_FAMILY = 1;
			};
			name = Release;
		};
/* End XCBuildConfiguration section */

/* Begin XCConfigurationList section */
		DD8ACA132A101A1F00100F78 /* Build configuration list for PBXProject "CleanSwift Example" */ = {
			isa = XCConfigurationList;
			buildConfigurations = (
				DD8ACA2A2A101A2400100F78 /* Debug */,
				DD8ACA2B2A101A2400100F78 /* Release */,
			);
			defaultConfigurationIsVisible = 0;
			defaultConfigurationName = Release;
		};
		DD8ACA2C2A101A2400100F78 /* Build configuration list for PBXNativeTarget "CleanSwift Example" */ = {
			isa = XCConfigurationList;
			buildConfigurations = (
				DD8ACA2D2A101A2400100F78 /* Debug */,
				DD8ACA2E2A101A2400100F78 /* Release */,
			);
			defaultConfigurationIsVisible = 0;
			defaultConfigurationName = Release;
		};
/* End XCConfigurationList section */
	};
	rootObject = DD8ACA102A101A1F00100F78 /* Project object */;
}
